
Microsoft Visual Studio Solution File, Format Version 12.00
# Visual Studio Version 16
VisualStudioVersion = 16.0.30330.147
MinimumVisualStudioVersion = 10.0.40219.1
Project("{FAE04EC0-301F-11D3-BF4B-00C04F79EFBC}") = "OTAUpdater", "OTAUpdater\OTAUpdater.csproj", "{B94A7E21-1C4F-4C47-9F00-FD8C7FBC532E}"
EndProject
Global
	GlobalSection(SolutionConfigurationPlatforms) = preSolution
		Debug|Any CPU = Debug|Any CPU
		Release|Any CPU = Release|Any CPU
	EndGlobalSection
	GlobalSection(ProjectConfigurationPlatforms) = postSolution
		{B94A7E21-1C4F-4C47-9F00-FD8C7FBC532E}.Debug|Any CPU.ActiveCfg = Debug|Any CPU
		{B94A7E21-1C4F-4C47-9F00-FD8C7FBC532E}.Debug|Any CPU.Build.0 = Debug|Any CPU
		{B94A7E21-1C4F-4C47-9F00-FD8C7FBC532E}.Release|Any CPU.ActiveCfg = Release|Any CPU
		{B94A7E21-1C4F-4C47-9F00-FD8C7FBC532E}.Release|Any CPU.Build.0 = Release|Any CPU
	EndGlobalSection
	GlobalSection(SolutionProperties) = preSolution
		HideSolutionNode = FALSE
	EndGlobalSection
	GlobalSection(ExtensibilityGlobals) = postSolution
		SolutionGuid = {1FA6270C-F4D8-43DB-985B-9B78C8AF2675}
	EndGlobalSection
EndGlobal
